
Microsoft Visual Studio Solution File, Format Version 12.00
# Visual Studio Version 16
VisualStudioVersion = 16.0.31702.278
MinimumVisualStudioVersion = 10.0.40219.1
Project("{FAE04EC0-301F-11D3-BF4B-00C04F79EFBC}") = "ProyectoFinal.Web", "ProyectoFinal.Web\ProyectoFinal.Web.csproj", "{4CA37626-D848-4244-9FBE-6F32BF91DFF4}"
EndProject
Project("{9A19103F-16F7-4668-BE54-9A1E7A4F7556}") = "ProyectoFinal.Shared", "ProyectoFinal.Shared\ProyectoFinal.Shared.csproj", "{4E36BFA9-2650-462A-B5C4-FDD6FAE9CB15}"
EndProject
Project("{2150E333-8FDC-42A3-9474-1A3956D46DE8}") = "Solution Items", "Solution Items", "{CD419225-71DF-48EF-B22D-86223B51AAD3}"
	ProjectSection(SolutionItems) = preProject
		ApiTest.http = ApiTest.http
		DataBackup.sql = DataBackup.sql
		Informe P2.pdf = Informe P2.pdf
		README.md = README.md
	EndProjectSection
EndProject
Project("{FAE04EC0-301F-11D3-BF4B-00C04F79EFBC}") = "ProyectoFinal.UWP", "ProyectoFinal.UWP\ProyectoFinal.UWP.csproj", "{E1B85595-072D-4414-878A-33C751FD43DC}"
EndProject
Global
	GlobalSection(SolutionConfigurationPlatforms) = preSolution
		Debug|Any CPU = Debug|Any CPU
		Debug|ARM = Debug|ARM
		Debug|ARM64 = Debug|ARM64
		Debug|x64 = Debug|x64
		Debug|x86 = Debug|x86
		Release|Any CPU = Release|Any CPU
		Release|ARM = Release|ARM
		Release|ARM64 = Release|ARM64
		Release|x64 = Release|x64
		Release|x86 = Release|x86
	EndGlobalSection
	GlobalSection(ProjectConfigurationPlatforms) = postSolution
		{4CA37626-D848-4244-9FBE-6F32BF91DFF4}.Debug|Any CPU.ActiveCfg = Debug|Any CPU
		{4CA37626-D848-4244-9FBE-6F32BF91DFF4}.Debug|Any CPU.Build.0 = Debug|Any CPU
		{4CA37626-D848-4244-9FBE-6F32BF91DFF4}.Debug|ARM.ActiveCfg = Debug|Any CPU
		{4CA37626-D848-4244-9FBE-6F32BF91DFF4}.Debug|ARM.Build.0 = Debug|Any CPU
		{4CA37626-D848-4244-9FBE-6F32BF91DFF4}.Debug|ARM64.ActiveCfg = Debug|Any CPU
		{4CA37626-D848-4244-9FBE-6F32BF91DFF4}.Debug|ARM64.Build.0 = Debug|Any CPU
		{4CA37626-D848-4244-9FBE-6F32BF91DFF4}.Debug|x64.ActiveCfg = Debug|Any CPU
		{4CA37626-D848-4244-9FBE-6F32BF91DFF4}.Debug|x64.Build.0 = Debug|Any CPU
		{4CA37626-D848-4244-9FBE-6F32BF91DFF4}.Debug|x86.ActiveCfg = Debug|Any CPU
		{4CA37626-D848-4244-9FBE-6F32BF91DFF4}.Debug|x86.Build.0 = Debug|Any CPU
		{4CA37626-D848-4244-9FBE-6F32BF91DFF4}.Release|Any CPU.ActiveCfg = Release|Any CPU
		{4CA37626-D848-4244-9FBE-6F32BF91DFF4}.Release|Any CPU.Build.0 = Release|Any CPU
		{4CA37626-D848-4244-9FBE-6F32BF91DFF4}.Release|ARM.ActiveCfg = Release|Any CPU
		{4CA37626-D848-4244-9FBE-6F32BF91DFF4}.Release|ARM.Build.0 = Release|Any CPU
		{4CA37626-D848-4244-9FBE-6F32BF91DFF4}.Release|ARM64.ActiveCfg = Release|Any CPU
		{4CA37626-D848-4244-9FBE-6F32BF91DFF4}.Release|ARM64.Build.0 = Release|Any CPU
		{4CA37626-D848-4244-9FBE-6F32BF91DFF4}.Release|x64.ActiveCfg = Release|Any CPU
		{4CA37626-D848-4244-9FBE-6F32BF91DFF4}.Release|x64.Build.0 = Release|Any CPU
		{4CA37626-D848-4244-9FBE-6F32BF91DFF4}.Release|x86.ActiveCfg = Release|Any CPU
		{4CA37626-D848-4244-9FBE-6F32BF91DFF4}.Release|x86.Build.0 = Release|Any CPU
		{4E36BFA9-2650-462A-B5C4-FDD6FAE9CB15}.Debug|Any CPU.ActiveCfg = Debug|Any CPU
		{4E36BFA9-2650-462A-B5C4-FDD6FAE9CB15}.Debug|Any CPU.Build.0 = Debug|Any CPU
		{4E36BFA9-2650-462A-B5C4-FDD6FAE9CB15}.Debug|ARM.ActiveCfg = Debug|Any CPU
		{4E36BFA9-2650-462A-B5C4-FDD6FAE9CB15}.Debug|ARM.Build.0 = Debug|Any CPU
		{4E36BFA9-2650-462A-B5C4-FDD6FAE9CB15}.Debug|ARM64.ActiveCfg = Debug|Any CPU
		{4E36BFA9-2650-462A-B5C4-FDD6FAE9CB15}.Debug|ARM64.Build.0 = Debug|Any CPU
		{4E36BFA9-2650-462A-B5C4-FDD6FAE9CB15}.Debug|x64.ActiveCfg = Debug|Any CPU
		{4E36BFA9-2650-462A-B5C4-FDD6FAE9CB15}.Debug|x64.Build.0 = Debug|Any CPU
		{4E36BFA9-2650-462A-B5C4-FDD6FAE9CB15}.Debug|x86.ActiveCfg = Debug|Any CPU
		{4E36BFA9-2650-462A-B5C4-FDD6FAE9CB15}.Debug|x86.Build.0 = Debug|Any CPU
		{4E36BFA9-2650-462A-B5C4-FDD6FAE9CB15}.Release|Any CPU.ActiveCfg = Release|Any CPU
		{4E36BFA9-2650-462A-B5C4-FDD6FAE9CB15}.Release|Any CPU.Build.0 = Release|Any CPU
		{4E36BFA9-2650-462A-B5C4-FDD6FAE9CB15}.Release|ARM.ActiveCfg = Release|Any CPU
		{4E36BFA9-2650-462A-B5C4-FDD6FAE9CB15}.Release|ARM.Build.0 = Release|Any CPU
		{4E36BFA9-2650-462A-B5C4-FDD6FAE9CB15}.Release|ARM64.ActiveCfg = Release|Any CPU
		{4E36BFA9-2650-462A-B5C4-FDD6FAE9CB15}.Release|ARM64.Build.0 = Release|Any CPU
		{4E36BFA9-2650-462A-B5C4-FDD6FAE9CB15}.Release|x64.ActiveCfg = Release|Any CPU
		{4E36BFA9-2650-462A-B5C4-FDD6FAE9CB15}.Release|x64.Build.0 = Release|Any CPU
		{4E36BFA9-2650-462A-B5C4-FDD6FAE9CB15}.Release|x86.ActiveCfg = Release|Any CPU
		{4E36BFA9-2650-462A-B5C4-FDD6FAE9CB15}.Release|x86.Build.0 = Release|Any CPU
		{E1B85595-072D-4414-878A-33C751FD43DC}.Debug|Any CPU.ActiveCfg = Debug|x86
		{E1B85595-072D-4414-878A-33C751FD43DC}.Debug|Any CPU.Build.0 = Debug|x86
		{E1B85595-072D-4414-878A-33C751FD43DC}.Debug|Any CPU.Deploy.0 = Debug|x86
		{E1B85595-072D-4414-878A-33C751FD43DC}.Debug|ARM.ActiveCfg = Debug|ARM
		{E1B85595-072D-4414-878A-33C751FD43DC}.Debug|ARM.Build.0 = Debug|ARM
		{E1B85595-072D-4414-878A-33C751FD43DC}.Debug|ARM.Deploy.0 = Debug|ARM
		{E1B85595-072D-4414-878A-33C751FD43DC}.Debug|ARM64.ActiveCfg = Debug|ARM64
		{E1B85595-072D-4414-878A-33C751FD43DC}.Debug|ARM64.Build.0 = Debug|ARM64
		{E1B85595-072D-4414-878A-33C751FD43DC}.Debug|ARM64.Deploy.0 = Debug|ARM64
		{E1B85595-072D-4414-878A-33C751FD43DC}.Debug|x64.ActiveCfg = Debug|x64
		{E1B85595-072D-4414-878A-33C751FD43DC}.Debug|x64.Build.0 = Debug|x64
		{E1B85595-072D-4414-878A-33C751FD43DC}.Debug|x64.Deploy.0 = Debug|x64
		{E1B85595-072D-4414-878A-33C751FD43DC}.Debug|x86.ActiveCfg = Debug|x86
		{E1B85595-072D-4414-878A-33C751FD43DC}.Debug|x86.Build.0 = Debug|x86
		{E1B85595-072D-4414-878A-33C751FD43DC}.Debug|x86.Deploy.0 = Debug|x86
		{E1B85595-072D-4414-878A-33C751FD43DC}.Release|Any CPU.ActiveCfg = Release|x86
		{E1B85595-072D-4414-878A-33C751FD43DC}.Release|ARM.ActiveCfg = Release|ARM
		{E1B85595-072D-4414-878A-33C751FD43DC}.Release|ARM.Build.0 = Release|ARM
		{E1B85595-072D-4414-878A-33C751FD43DC}.Release|ARM.Deploy.0 = Release|ARM
		{E1B85595-072D-4414-878A-33C751FD43DC}.Release|ARM64.ActiveCfg = Release|ARM64
		{E1B85595-072D-4414-878A-33C751FD43DC}.Release|ARM64.Build.0 = Release|ARM64
		{E1B85595-072D-4414-878A-33C751FD43DC}.Release|ARM64.Deploy.0 = Release|ARM64
		{E1B85595-072D-4414-878A-33C751FD43DC}.Release|x64.ActiveCfg = Release|x64
		{E1B85595-072D-4414-878A-33C751FD43DC}.Release|x64.Build.0 = Release|x64
		{E1B85595-072D-4414-878A-33C751FD43DC}.Release|x64.Deploy.0 = Release|x64
		{E1B85595-072D-4414-878A-33C751FD43DC}.Release|x86.ActiveCfg = Release|x86
		{E1B85595-072D-4414-878A-33C751FD43DC}.Release|x86.Build.0 = Release|x86
		{E1B85595-072D-4414-878A-33C751FD43DC}.Release|x86.Deploy.0 = Release|x86
	EndGlobalSection
	GlobalSection(SolutionProperties) = preSolution
		HideSolutionNode = FALSE
	EndGlobalSection
	GlobalSection(ExtensibilityGlobals) = postSolution
		SolutionGuid = {A95C5D17-FC3F-400D-8DA3-2207D7003217}
	EndGlobalSection
EndGlobal
